
Microsoft Visual Studio Solution File, Format Version 12.00
# Visual Studio 14
VisualStudioVersion = 14.0.24720.0
MinimumVisualStudioVersion = 10.0.40219.1
Project("{FAE04EC0-301F-11D3-BF4B-00C04F79EFBC}") = "MOP", "MOP\MOP.csproj", "{D5E334E0-D876-4D7E-928F-0A7186D34EE0}"
EndProject
Project("{FAE04EC0-301F-11D3-BF4B-00C04F79EFBC}") = "MOPTests", "MOPTests\MOPTests.csproj", "{8EDD03A8-0507-4D5A-B62A-26D338FF6175}"
EndProject
Global
	GlobalSection(SolutionConfigurationPlatforms) = preSolution
		Debug|Any CPU = Debug|Any CPU
		Release|Any CPU = Release|Any CPU
	EndGlobalSection
	GlobalSection(ProjectConfigurationPlatforms) = postSolution
		{D5E334E0-D876-4D7E-928F-0A7186D34EE0}.Debug|Any CPU.ActiveCfg = Debug|Any CPU
		{D5E334E0-D876-4D7E-928F-0A7186D34EE0}.Debug|Any CPU.Build.0 = Debug|Any CPU
		{D5E334E0-D876-4D7E-928F-0A7186D34EE0}.Release|Any CPU.ActiveCfg = Release|Any CPU
		{D5E334E0-D876-4D7E-928F-0A7186D34EE0}.Release|Any CPU.Build.0 = Release|Any CPU
		{8EDD03A8-0507-4D5A-B62A-26D338FF6175}.Debug|Any CPU.ActiveCfg = Debug|Any CPU
		{8EDD03A8-0507-4D5A-B62A-26D338FF6175}.Debug|Any CPU.Build.0 = Debug|Any CPU
		{8EDD03A8-0507-4D5A-B62A-26D338FF6175}.Release|Any CPU.ActiveCfg = Release|Any CPU
		{8EDD03A8-0507-4D5A-B62A-26D338FF6175}.Release|Any CPU.Build.0 = Release|Any CPU
	EndGlobalSection
	GlobalSection(SolutionProperties) = preSolution
		HideSolutionNode = FALSE
	EndGlobalSection
EndGlobal
